# This file is autogenerated, do not edit; changes may be undone by the next 'dep ensure'.


[[projects]]
  name = "github.com/dchest/blake2b"
  packages = ["."]
  revision = "3c8c640cd7bea3ca78209d812b5854442ab92fed"

[[projects]]
  branch = "master"
  name = "github.com/robvanmieghem/go-opencl"
  packages = ["cl"]
  revision = "5ca28f1a8220f79ffacbaa12e4dff1628b708307"

[solve-meta]
  analyzer-name = "dep"
  analyzer-version = 1
  inputs-digest = "f3c5da9dc115fb71a9499a8cda5a633bea3a418ad9506af4f1831b3498084772"
  solver-name = "gps-cdcl"
  solver-version = 1
